Microsoft Visual Studio Solution File, Format Version 12.00
# Visual Studio 2012
Project("{FAE04EC0-301F-11D3-BF4B-00C04F79EFBC}") = "Flappybird", "Flappybird.csproj", "{735358E6-9CFD-40FF-80CF-4EB12515A42B}"
EndProject
Global
	GlobalSection(SolutionConfigurationPlatforms) = preSolution
	Debug|Any CPU = Debug|Any CPU
	ExportDebug|Any CPU = ExportDebug|Any CPU
	ExportRelease|Any CPU = ExportRelease|Any CPU
	EndGlobalSection
	GlobalSection(ProjectConfigurationPlatforms) = postSolution
		{735358E6-9CFD-40FF-80CF-4EB12515A42B}.Debug|Any CPU.ActiveCfg = Debug|Any CPU
		{735358E6-9CFD-40FF-80CF-4EB12515A42B}.Debug|Any CPU.Build.0 = Debug|Any CPU
		{735358E6-9CFD-40FF-80CF-4EB12515A42B}.ExportDebug|Any CPU.ActiveCfg = ExportDebug|Any CPU
		{735358E6-9CFD-40FF-80CF-4EB12515A42B}.ExportDebug|Any CPU.Build.0 = ExportDebug|Any CPU
		{735358E6-9CFD-40FF-80CF-4EB12515A42B}.ExportRelease|Any CPU.ActiveCfg = ExportRelease|Any CPU
		{735358E6-9CFD-40FF-80CF-4EB12515A42B}.ExportRelease|Any CPU.Build.0 = ExportRelease|Any CPU
	EndGlobalSection
EndGlobal
